// !$*UTF8*$!
{
	archiveVersion = 1;
	classes = {
	};
	objectVersion = 50;
	objects = {

/* Begin PBXBuildFile section */
		BD1499C825A76D5A00A32480 /* cw_12App.swift in Sources */ = {isa = PBXBuildFile; fileRef = BD1499C725A76D5A00A32480 /* cw_12App.swift */; };
		BD1499CA25A76D5A00A32480 /* ContentView.swift in Sources */ = {isa = PBXBuildFile; fileRef = BD1499C925A76D5A00A32480 /* ContentView.swift */; };
		BD1499CC25A76D5E00A32480 /* Assets.xcassets in Resources */ = {isa = PBXBuildFile; fileRef = BD1499CB25A76D5E00A32480 /* Assets.xcassets */; };
		BD1499CF25A76D5E00A32480 /* Preview Assets.xcassets in Resources */ = {isa = PBXBuildFile; fileRef = BD1499CE25A76D5E00A32480 /* Preview Assets.xcassets */; };
		BD1499D825A76F7E00A32480 /* secondPage.swift in Sources */ = {isa = PBXBuildFile; fileRef = BD1499D725A76F7E00A32480 /* secondPage.swift */; };
		BD90098925A78A920049A6E2 /* test.swift in Sources */ = {isa = PBXBuildFile; fileRef = BD90098825A78A920049A6E2 /* test.swift */; };
/* End PBXBuildFile section */

/* Begin PBXFileReference section */
		BD1499C425A76D5A00A32480 /* cw-12.app */ = {isa = PBXFileReference; explicitFileType = wrapper.application; includeInIndex = 0; path = "cw-12.app"; sourceTree = BUILT_PRODUCTS_DIR; };
		BD1499C725A76D5A00A32480 /* cw_12App.swift */ = {isa = PBXFileReference; lastKnownFileType = sourcecode.swift; path = cw_12App.swift; sourceTree = "<group>"; };
		BD1499C925A76D5A00A32480 /* ContentView.swift */ = {isa = PBXFileReference; lastKnownFileType = sourcecode.swift; path = ContentView.swift; sourceTree = "<group>"; };
		BD1499CB25A76D5E00A32480 /* Assets.xcassets */ = {isa = PBXFileReference; lastKnownFileType = folder.assetcatalog; path = Assets.xcassets; sourceTree = "<group>"; };
		BD1499CE25A76D5E00A32480 /* Preview Assets.xcassets */ = {isa = PBXFileReference; lastKnownFileType = folder.assetcatalog; path = "Preview Assets.xcassets"; sourceTree = "<group>"; };
		BD1499D025A76D5E00A32480 /* Info.plist */ = {isa = PBXFileReference; lastKnownFileType = text.plist.xml; path = Info.plist; sourceTree = "<group>"; };
		BD1499D725A76F7E00A32480 /* secondPage.swift */ = {isa = PBXFileReference; lastKnownFileType = sourcecode.swift; path = secondPage.swift; sourceTree = "<group>"; };
		BD90098825A78A920049A6E2 /* test.swift */ = {isa = PBXFileReference; lastKnownFileType = sourcecode.swift; path = test.swift; sourceTree = "<group>"; };
/* End PBXFileReference section */

/* Begin PBXFrameworksBuildPhase section */
		BD1499C125A76D5A00A32480 /* Frameworks */ = {
			isa = PBXFrameworksBuildPhase;
			buildActionMask = 2147483647;
			files = (
			);
			runOnlyForDeploymentPostprocessing = 0;
		};
/* End PBXFrameworksBuildPhase section */

/* Begin PBXGroup section */
		BD1499BB25A76D5900A32480 = {
			isa = PBXGroup;
			children = (
				BD1499C625A76D5A00A32480 /* cw-12 */,
				BD1499C525A76D5A00A32480 /* Products */,
			);
			sourceTree = "<group>";
		};
		BD1499C525A76D5A00A32480 /* Products */ = {
			isa = PBXGroup;
			children = (
				BD1499C425A76D5A00A32480 /* cw-12.app */,
			);
			name = Products;
			sourceTree = "<group>";
		};
		BD1499C625A76D5A00A32480 /* cw-12 */ = {
			isa = PBXGroup;
			children = (
				BD1499C725A76D5A00A32480 /* cw_12App.swift */,
				BD1499C925A76D5A00A32480 /* ContentView.swift */,
				BD90098825A78A920049A6E2 /* test.swift */,
				BD1499D725A76F7E00A32480 /* secondPage.swift */,
				BD1499CB25A76D5E00A32480 /* Assets.xcassets */,
				BD1499D025A76D5E00A32480 /* Info.plist */,
				BD1499CD25A76D5E00A32480 /* Preview Content */,
			);
			path = "cw-12";
			sourceTree = "<group>";
		};
		BD1499CD25A76D5E00A32480 /* Preview Content */ = {
			isa = PBXGroup;
			children = (
				BD1499CE25A76D5E00A32480 /* Preview Assets.xcassets */,
			);
			path = "Preview Content";
			sourceTree = "<group>";
		};
/* End PBXGroup section */

/* Begin PBXNativeTarget section */
		BD1499C325A76D5A00A32480 /* cw-12 */ = {
			isa = PBXNativeTarget;
			buildConfigurationList = BD1499D325A76D5E00A32480 /* Build configuration list for PBXNativeTarget "cw-12" */;
			buildPhases = (
				BD1499C025A76D5A00A32480 /* Sources */,
				BD1499C125A76D5A00A32480 /* Frameworks */,
				BD1499C225A76D5A00A32480 /* Resources */,
			);
			buildRules = (
			);
			dependencies = (
			);
			name = "cw-12";
			productName = "cw-12";
			productReference = BD1499C425A76D5A00A32480 /* cw-12.app */;
			productType = "com.apple.product-type.application";
		};
/* End PBXNativeTarget section */

/* Begin PBXProject section */
		BD1499BC25A76D5900A32480 /* Project object */ = {
			isa = PBXProject;
			attributes = {
				LastSwiftUpdateCheck = 1230;
				LastUpgradeCheck = 1230;
				TargetAttributes = {
					BD1499C325A76D5A00A32480 = {
						CreatedOnToolsVersion = 12.3;
					};
				};
			};
			buildConfigurationList = BD1499BF25A76D5900A32480 /* Build configuration list for PBXProject "cw-12" */;
			compatibilityVersion = "Xcode 9.3";
			developmentRegion = en;
			hasScannedForEncodings = 0;
			knownRegions = (
				en,
				Base,
			);
			mainGroup = BD1499BB25A76D5900A32480;
			productRefGroup = BD1499C525A76D5A00A32480 /* Products */;
			projectDirPath = "";
			projectRoot = "";
			targets = (
				BD1499C325A76D5A00A32480 /* cw-12 */,
			);
		};
/* End PBXProject section */

/* Begin PBXResourcesBuildPhase section */
		BD1499C225A76D5A00A32480 /* Resources */ = {
			isa = PBXResourcesBuildPhase;
			buildActionMask = 2147483647;
			files = (
				BD1499CF25A76D5E00A32480 /* Preview Assets.xcassets in Resources */,
				BD1499CC25A76D5E00A32480 /* Assets.xcassets in Resources */,
			);
			runOnlyForDeploymentPostprocessing = 0;
		};
/* End PBXResourcesBuildPhase section */

/* Begin PBXSourcesBuildPhase section */
		BD1499C025A76D5A00A32480 /* Sources */ = {
			isa = PBXSourcesBuildPhase;
			buildActionMask = 2147483647;
			files = (
				BD1499D825A76F7E00A32480 /* secondPage.swift in Sources */,
				BD90098925A78A920049A6E2 /* test.swift in Sources */,
				BD1499CA25A76D5A00A32480 /* ContentView.swift in Sources */,
				BD1499C825A76D5A00A32480 /* cw_12App.swift in Sources */,
			);
			runOnlyForDeploymentPostprocessing = 0;
		};
/* End PBXSourcesBuildPhase section */

/* Begin XCBuildConfiguration section */
		BD1499D125A76D5E00A32480 /* Debug */ = {
			isa = XCBuildConfiguration;
			buildSettings = {
				ALWAYS_SEARCH_USER_PATHS = NO;
				CLANG_ANALYZER_NONNULL = YES;
				CLANG_ANALYZER_NUMBER_OBJECT_CONVERSION = YES_AGGRESSIVE;
				CLANG_CXX_LANGUAGE_STANDARD = "gnu++14";
				CLANG_CXX_LIBRARY = "libc++";
				CLANG_ENABLE_MODULES = YES;
				CLANG_ENABLE_OBJC_ARC = YES;
				CLANG_ENABLE_OBJC_WEAK = YES;
				CLANG_WARN_BLOCK_CAPTURE_AUTORELEASING = YES;
				CLANG_WARN_BOOL_CONVERSION = YES;
				CLANG_WARN_COMMA = YES;
				CLANG_WARN_CONSTANT_CONVERSION = YES;
				CLANG_WARN_DEPRECATED_OBJC_IMPLEMENTATIONS = YES;
				CLANG_WARN_DIRECT_OBJC_ISA_USAGE = YES_ERROR;
				CLANG_WARN_DOCUMENTATION_COMMENTS = YES;
				CLANG_WARN_EMPTY_BODY = YES;
				CLANG_WARN_ENUM_CONVERSION = YES;
				CLANG_WARN_INFINITE_RECURSION = YES;
				CLANG_WARN_INT_CONVERSION = YES;
				CLANG_WARN_NON_LITERAL_NULL_CONVERSION = YES;
				CLANG_WARN_OBJC_IMPLICIT_RETAIN_SELF = YES;
				CLANG_WARN_OBJC_LITERAL_CONVERSION = YES;
				CLANG_WARN_OBJC_ROOT_CLASS = YES_ERROR;
				CLANG_WARN_QUOTED_INCLUDE_IN_FRAMEWORK_HEADER = YES;
				CLANG_WARN_RANGE_LOOP_ANALYSIS = YES;
				CLANG_WARN_STRICT_PROTOTYPES = YES;
				CLANG_WARN_SUSPICIOUS_MOVE = YES;
				CLANG_WARN_UNGUARDED_AVAILABILITY = YES_AGGRESSIVE;
				CLANG_WARN_UNREACHABLE_CODE = YES;
				CLANG_WARN__DUPLICATE_METHOD_MATCH = YES;
				COPY_PHASE_STRIP = NO;
				DEBUG_INFORMATION_FORMAT = dwarf;
				ENABLE_STRICT_OBJC_MSGSEND = YES;
				ENABLE_TESTABILITY = YES;
				GCC_C_LANGUAGE_STANDARD = gnu11;
				GCC_DYNAMIC_NO_PIC = NO;
				GCC_NO_COMMON_BLOCKS = YES;
				GCC_OPTIMIZATION_LEVEL = 0;
				GCC_PREPROCESSOR_DEFINITIONS = (
					"DEBUG=1",
					"$(inherited)",
				);
				GCC_WARN_64_TO_32_BIT_CONVERSION = YES;
				GCC_WARN_ABOUT_RETURN_TYPE = YES_ERROR;
				GCC_WARN_UNDECLARED_SELECTOR = YES;
				GCC_WARN_UNINITIALIZED_AUTOS = YES_AGGRESSIVE;
				GCC_WARN_UNUSED_FUNCTION = YES;
				GCC_WARN_UNUSED_VARIABLE = YES;
				IPHONEOS_DEPLOYMENT_TARGET = 14.3;
				MTL_ENABLE_DEBUG_INFO = INCLUDE_SOURCE;
				MTL_FAST_MATH = YES;
				ONLY_ACTIVE_ARCH = YES;
				SDKROOT = iphoneos;
				SWIFT_ACTIVE_COMPILATION_CONDITIONS = DEBUG;
				SWIFT_OPTIMIZATION_LEVEL = "-Onone";
			};
			name = Debug;
		};
		BD1499D225A76D5E00A32480 /* Release */ = {
			isa = XCBuildConfiguration;
			buildSettings = {
				ALWAYS_SEARCH_USER_PATHS = NO;
				CLANG_ANALYZER_NONNULL = YES;
				CLANG_ANALYZER_NUMBER_OBJECT_CONVERSION = YES_AGGRESSIVE;
				CLANG_CXX_LANGUAGE_STANDARD = "gnu++14";
				CLANG_CXX_LIBRARY = "libc++";
				CLANG_ENABLE_MODULES = YES;
				CLANG_ENABLE_OBJC_ARC = YES;
				CLANG_ENABLE_OBJC_WEAK = YES;
				CLANG_WARN_BLOCK_CAPTURE_AUTORELEASING = YES;
				CLANG_WARN_BOOL_CONVERSION = YES;
				CLANG_WARN_COMMA = YES;
				CLANG_WARN_CONSTANT_CONVERSION = YES;
				CLANG_WARN_DEPRECATED_OBJC_IMPLEMENTATIONS = YES;
				CLANG_WARN_DIRECT_OBJC_ISA_USAGE = YES_ERROR;
				CLANG_WARN_DOCUMENTATION_COMMENTS = YES;
				CLANG_WARN_EMPTY_BODY = YES;
				CLANG_WARN_ENUM_CONVERSION = YES;
				CLANG_WARN_INFINITE_RECURSION = YES;
				CLANG_WARN_INT_CONVERSION = YES;
				CLANG_WARN_NON_LITERAL_NULL_CONVERSION = YES;
				CLANG_WARN_OBJC_IMPLICIT_RETAIN_SELF = YES;
				CLANG_WARN_OBJC_LITERAL_CONVERSION = YES;
				CLANG_WARN_OBJC_ROOT_CLASS = YES_ERROR;
				CLANG_WARN_QUOTED_INCLUDE_IN_FRAMEWORK_HEADER = YES;
				CLANG_WARN_RANGE_LOOP_ANALYSIS = YES;
				CLANG_WARN_STRICT_PROTOTYPES = YES;
				CLANG_WARN_SUSPICIOUS_MOVE = YES;
				CLANG_WARN_UNGUARDED_AVAILABILITY = YES_AGGRESSIVE;
				CLANG_WARN_UNREACHABLE_CODE = YES;
				CLANG_WARN__DUPLICATE_METHOD_MATCH = YES;
				COPY_PHASE_STRIP = NO;
				DEBUG_INFORMATION_FORMAT = "dwarf-with-dsym";
				ENABLE_NS_ASSERTIONS = NO;
				ENABLE_STRICT_OBJC_MSGSEND = YES;
				GCC_C_LANGUAGE_STANDARD = gnu11;
				GCC_NO_COMMON_BLOCKS = YES;
				GCC_WARN_64_TO_32_BIT_CONVERSION = YES;
				GCC_WARN_ABOUT_RETURN_TYPE = YES_ERROR;
				GCC_WARN_UNDECLARED_SELECTOR = YES;
				GCC_WARN_UNINITIALIZED_AUTOS = YES_AGGRESSIVE;
				GCC_WARN_UNUSED_FUNCTION = YES;
				GCC_WARN_UNUSED_VARIABLE = YES;
				IPHONEOS_DEPLOYMENT_TARGET = 14.3;
				MTL_ENABLE_DEBUG_INFO = NO;
				MTL_FAST_MATH = YES;
				SDKROOT = iphoneos;
				SWIFT_COMPILATION_MODE = wholemodule;
				SWIFT_OPTIMIZATION_LEVEL = "-O";
				VALIDATE_PRODUCT = YES;
			};
			name = Release;
		};
		BD1499D425A76D5E00A32480 /* Debug */ = {
			isa = XCBuildConfiguration;
			buildSettings = {
				ASSETCATALOG_COMPILER_APPICON_NAME = AppIcon;
				ASSETCATALOG_COMPILER_GLOBAL_ACCENT_COLOR_NAME = AccentColor;
				CODE_SIGN_STYLE = Automatic;
				DEVELOPMENT_ASSET_PATHS = "\"cw-12/Preview Content\"";
				ENABLE_PREVIEWS = YES;
				INFOPLIST_FILE = "cw-12/Info.plist";
				IPHONEOS_DEPLOYMENT_TARGET = 14.0;
				LD_RUNPATH_SEARCH_PATHS = (
					"$(inherited)",
					"@executable_path/Frameworks",
				);
				PRODUCT_BUNDLE_IDENTIFIER = "com.kucpetest.cw-12";
				PRODUCT_NAME = "$(TARGET_NAME)";
				SWIFT_VERSION = 5.0;
				TARGETED_DEVICE_FAMILY = "1,2";
			};
			name = Debug;
		};
		BD1499D525A76D5E00A32480 /* Release */ = {
			isa = XCBuildConfiguration;
			buildSettings = {
				ASSETCATALOG_COMPILER_APPICON_NAME = AppIcon;
				ASSETCATALOG_COMPILER_GLOBAL_ACCENT_COLOR_NAME = AccentColor;
				CODE_SIGN_STYLE = Automatic;
				DEVELOPMENT_ASSET_PATHS = "\"cw-12/Preview Content\"";
				ENABLE_PREVIEWS = YES;
				INFOPLIST_FILE = "cw-12/Info.plist";
				IPHONEOS_DEPLOYMENT_TARGET = 14.0;
				LD_RUNPATH_SEARCH_PATHS = (
					"$(inherited)",
					"@executable_path/Frameworks",
				);
				PRODUCT_BUNDLE_IDENTIFIER = "com.kucpetest.cw-12";
				PRODUCT_NAME = "$(TARGET_NAME)";
				SWIFT_VERSION = 5.0;
				TARGETED_DEVICE_FAMILY = "1,2";
			};
			name = Release;
		};
/* End XCBuildConfiguration section */

/* Begin XCConfigurationList section */
		BD1499BF25A76D5900A32480 /* Build configuration list for PBXProject "cw-12" */ = {
			isa = XCConfigurationList;
			buildConfigurations = (
				BD1499D125A76D5E00A32480 /* Debug */,
				BD1499D225A76D5E00A32480 /* Release */,
			);
			defaultConfigurationIsVisible = 0;
			defaultConfigurationName = Release;
		};
		BD1499D325A76D5E00A32480 /* Build configuration list for PBXNativeTarget "cw-12" */ = {
			isa = XCConfigurationList;
			buildConfigurations = (
				BD1499D425A76D5E00A32480 /* Debug */,
				BD1499D525A76D5E00A32480 /* Release */,
			);
			defaultConfigurationIsVisible = 0;
			defaultConfigurationName = Release;
		};
/* End XCConfigurationList section */
	};
	rootObject = BD1499BC25A76D5900A32480 /* Project object */;
}
